%{
  "bunt": {:hex, :bunt, "1.0.0", "081c2c665f086849e6d57900292b3a161727ab40431219529f13c4ddcf3e7a44", [:mix], [], "hexpm", "dc5f86aa08a5f6fa6b8096f0735c4e76d54ae5c9fa2c143e5a1fc7c1cd9bb6b5"},
  "certifi": {:hex, :certifi, "2.15.0", "0e6e882fcdaaa0a5a9f2b3db55b1394dba07e8d6d9bcad08318fb604c6839712", [:rebar3], [], "hexpm", "b147ed22ce71d72eafdad94f055165c1c182f61a2ff49df28bcc71d1d5b94a60"},
  "cowboy": {:hex, :cowboy, "2.16.1", "fa04080b602ff25c40a7700f2dc0152dbc1ba26b42093ae0fa9bb7a337d5a242", [:make, :rebar3], [{:cowlib, ">= 2.16.0 and < 3.0.0", [hex: :cowlib, repo: "hexpm", optional: false]}, {:ranch, ">= 1.8.0 and < 3.0.0", [hex: :ranch, repo: "hexpm", optional: false]}], "hexpm", "b8ea4dd317a043e3177ec840cfa3bcb47cfb41035d3abb24d954dc7d51def399"},
  "cowlib": {:hex, :cowlib, "2.17.1", "3e6053016d1ab245730f0af688755476dcedb1c25ed8fb5751f59a2bfdc0c9af", [:make, :rebar3], [], "hexpm", "ff08bd17e6dd931445b18af77315b9b5fe052407110964ad2588c686b57b5e3f"},
  "credo": {:hex, :credo, "1.7.19", "cc52129665fc7c15143d47838fda0f9cd6dac9ceced7bf4da6f85fcbfe64b12a", [:mix], [{:bunt, "~> 0.2.1 or ~> 1.0", [hex: :bunt, repo: "hexpm", optional: false]}, {:file_system, "~> 0.2 or ~> 1.0", [hex: :file_system, repo: "hexpm", optional: false]}, {:jason, "~> 1.0", [hex: :jason, repo: "hexpm", optional: false]}], "hexpm", "2d8bc95d5a7bb99dd2613621d4f08c6a3575c3fd4b62e6a2b48a100352a557b8"},
  "decimal": {:hex, :decimal, "2.4.1", "6c0fbede12fb122ba685e9ab41c6a40c129e322b3aa192f9e072e61f3a6ffaf2", [:mix], [], "hexpm", "7e618897933a8455f19a727d7c5e50a2c071a544b700e5e724298ecb4340187f"},
  "easy_ssl": {:hex, :easy_ssl, "1.3.0", "472256942d9dd37652a558a789a8d1cccc27e7f46352e32667d1ca46bb9e22e5", [:mix], [], "hexpm", "ce8fcb7661442713a94853282b56cee0b90c52b983a83aa6af24686d301808e1"},
  "excoveralls": {:hex, :excoveralls, "0.18.5", "e229d0a65982613332ec30f07940038fe451a2e5b29bce2a5022165f0c9b157e", [:mix], [{:castore, "~> 1.0", [hex: :castore, repo: "hexpm", optional: true]}, {:jason, "~> 1.0", [hex: :jason, repo: "hexpm", optional: false]}], "hexpm", "523fe8a15603f86d64852aab2abe8ddbd78e68579c8525ae765facc5eae01562"},
  "file_system": {:hex, :file_system, "1.1.1", "31864f4685b0148f25bd3fbef2b1228457c0c89024ad67f7a81a3ffbc0bbad3a", [:mix], [], "hexpm", "7a15ff97dfe526aeefb090a7a9d3d03aa907e100e262a0f8f7746b78f8f87a5d"},
  "hackney": {:hex, :hackney, "1.25.0", "390e9b83f31e5b325b9f43b76e1a785cbdb69b5b6cd4e079aa67835ded046867", [:rebar3], [{:certifi, "~> 2.15.0", [hex: :certifi, repo: "hexpm", optional: false]}, {:idna, "~> 6.1.0", [hex: :idna, repo: "hexpm", optional: false]}, {:metrics, "~> 1.0.0", [hex: :metrics, repo: "hexpm", optional: false]}, {:mimerl, "~> 1.4", [hex: :mimerl, repo: "hexpm", optional: false]}, {:parse_trans, "3.4.1", [hex: :parse_trans, repo: "hexpm", optional: false]}, {:ssl_verify_fun, "~> 1.1.0", [hex: :ssl_verify_fun, repo: "hexpm", optional: false]}, {:unicode_util_compat, "~> 0.7.1", [hex: :unicode_util_compat, repo: "hexpm", optional: false]}], "hexpm", "7209bfd75fd1f42467211ff8f59ea74d6f2a9e81cbcee95a56711ee79fd6b1d4"},
  "honeybadger": {:hex, :honeybadger, "0.28.0", "89340033d4d39282ac31ca27623cf89aeaf97334a7ef15605bf95320cbf6912a", [:mix], [{:ash, "~> 3.0", [hex: :ash, repo: "hexpm", optional: true]}, {:ecto, ">= 2.0.0", [hex: :ecto, repo: "hexpm", optional: true]}, {:hackney, "~> 1.8 or ~> 4.0", [hex: :hackney, repo: "hexpm", optional: true]}, {:jason, "~> 1.0", [hex: :jason, repo: "hexpm", optional: false]}, {:phoenix, ">= 1.0.0 and < 2.0.0", [hex: :phoenix, repo: "hexpm", optional: true]}, {:plug, ">= 1.0.0 and < 2.0.0", [hex: :plug, repo: "hexpm", optional: true]}, {:process_tree, "~> 0.3.0", [hex: :process_tree, repo: "hexpm", optional: false]}, {:req, "~> 0.6.1", [hex: :req, repo: "hexpm", optional: true]}, {:telemetry, "~> 0.4 or ~> 1.0", [hex: :telemetry, repo: "hexpm", optional: false]}], "hexpm", "a8d60073f97657392030f876fe624f549f84b89adcb1f921fdc981fc7b0a285e"},
  "httpoison": {:hex, :httpoison, "1.8.2", "9eb9c63ae289296a544842ef816a85d881d4a31f518a0fec089aaa744beae290", [:mix], [{:hackney, "~> 1.17", [hex: :hackney, repo: "hexpm", optional: false]}], "hexpm", "2bb350d26972e30c96e2ca74a1aaf8293d61d0742ff17f01e0279fef11599921"},
  "idna": {:hex, :idna, "6.1.1", "8a63070e9f7d0c62eb9d9fcb360a7de382448200fbbd1b106cc96d3d8099df8d", [:rebar3], [{:unicode_util_compat, "~> 0.7.0", [hex: :unicode_util_compat, repo: "hexpm", optional: false]}], "hexpm", "92376eb7894412ed19ac475e4a86f7b413c1b9fbb5bd16dccd57934157944cea"},
  "instruments": {:hex, :instruments, "1.1.3", "c293e446ba6226db0cec94abd2a3cba025a743f79bfc5d9f810e5b4061fb7de0", [:mix], [{:recon, "~> 2.3.1", [hex: :recon, repo: "hexpm", optional: false]}, {:statix, "~> 1.2.1", [hex: :statix, repo: "hexpm", optional: false]}], "hexpm", "1502a9a1668d6b4056d8fe023c0006d50d0f032b6788cdc3b725bb44dd77d6f6"},
  "jason": {:hex, :jason, "1.4.5", "2e3a008590b0b8d7388c20293e9dcc9cf3e5d642fd2a114e4cbbb52e595d940a", [:mix], [{:decimal, "~> 1.0 or ~> 2.0 or ~> 3.0", [hex: :decimal, repo: "hexpm", optional: true]}], "hexpm", "b0c823996102bcd0239b3c2444eb00409b72f6a140c1950bc8b457d836b30684"},
  "metrics": {:hex, :metrics, "1.0.1", "25f094dea2cda98213cecc3aeff09e940299d950904393b2a29d191c346a8486", [:rebar3], [], "hexpm", "69b09adddc4f74a40716ae54d140f93beb0fb8978d8636eaded0c31b6f099f16"},
  "mimerl": {:hex, :mimerl, "1.5.0", "f35aca6f23242339b3666e0ac0702379e362b469d0aea167f6cc713547e777ed", [:rebar3], [], "hexpm", "db648ce065bae14ea84ca8b5dd123f42f49417cef693541110bf6f9e9be9ecc4"},
  "number": {:hex, :number, "1.0.5", "d92136f9b9382aeb50145782f116112078b3465b7be58df1f85952b8bb399b0f", [:mix], [{:decimal, "~> 1.5 or ~> 2.0", [hex: :decimal, repo: "hexpm", optional: false]}], "hexpm", "c0733a0a90773a66582b9e92a3f01290987f395c972cb7d685f51dd927cd5169"},
  "parse_trans": {:hex, :parse_trans, "3.4.1", "6e6aa8167cb44cc8f39441d05193be6e6f4e7c2946cb2759f015f8c56b76e5ff", [:rebar3], [], "hexpm", "620a406ce75dada827b82e453c19cf06776be266f5a67cff34e1ef2cbb60e49a"},
  "pobox": {:hex, :pobox, "1.2.0", "3127cb48f13d18efec7a9ea2622077f4f9c5f067cc1182af1977dacd7a74fdb8", [:rebar3], [], "hexpm", "25d6fcdbe4fedbbf4bcaa459fadee006e75bb3281d4e6c9b2dc0ee93c51920c4"},
  "process_tree": {:hex, :process_tree, "0.3.0", "0eb58ec68f3d22a4f36040b0374469464c95fae5465c011b55bea01649b0bd70", [:mix], [], "hexpm", "6cb3b7be9c7d74b28a9f6e0f03115d5953e6bbda44be2b6fd9e667020870eb86"},
  "ranch": {:hex, :ranch, "2.2.0", "25528f82bc8d7c6152c57666ca99ec716510fe0925cb188172f41ce93117b1b0", [:make, :rebar3], [], "hexpm", "fa0b99a1780c80218a4197a59ea8d3bdae32fbff7e88527d7d8a4787eff4f8e7"},
  "recon": {:hex, :recon, "2.3.6", "2bcad0cf621fb277cabbb6413159cd3aa30265c2dee42c968697988b30108604", [:rebar3], [], "hexpm", "f55198650a8ec01d3efc04797abe550c7d023e7ff8b509f373cf933032049bd8"},
  "ssl_verify_fun": {:hex, :ssl_verify_fun, "1.1.7", "354c321cf377240c7b8716899e182ce4890c5938111a1296add3ec74cf1715df", [:make, :mix, :rebar3], [], "hexpm", "fe4c190e8f37401d30167c8c405eda19469f34577987c76dde613e838bbc67f8"},
  "statix": {:hex, :statix, "1.2.1", "4f23c8cc2477ea0de89fed5e34f08c54b0d28b838f7b8f26613155f2221bb31e", [:mix], [], "hexpm", "7f988988fddcce19ae376bb8e47aa5ea5dabf8d4ba78d34d1ae61eb537daf72e"},
  "telemetry": {:hex, :telemetry, "1.4.2", "a0cb522801dffb1c49fe6e30561badffc7b6d0e180db1300df759faa22062855", [:rebar3], [], "hexpm", "928f6495066506077862c0d1646609eed891a4326bee3126ba54b60af61febb1"},
  "unicode_util_compat": {:hex, :unicode_util_compat, "0.7.1", "a48703a25c170eedadca83b11e88985af08d35f37c6f664d6dcfb106a97782fc", [:rebar3], [], "hexpm", "b3a917854ce3ae233619744ad1e0102e05673136776fb2fa76234f3e03b23642"},
}
